
Microsoft Visual Studio Solution File, Format Version 12.00
# Visual Studio Version 17
VisualStudioVersion = 17.5.33530.505
MinimumVisualStudioVersion = 10.0.40219.1
Project("{2150E333-8FDC-42A3-9474-1A3956D46DE8}") = "src", "src", "{0F54A402-E805-49D8-A0CA-9CFFA11A5E95}"
EndProject
Project("{2150E333-8FDC-42A3-9474-1A3956D46DE8}") = "tests", "tests", "{E734E81E-EE52-49C7-B5FD-8E30CE5BE712}"
EndProject
Project("{2150E333-8FDC-42A3-9474-1A3956D46DE8}") = "solution items", "solution items", "{E3FC12F6-46D3-45DC-8014-FD226BCB58A6}"
	ProjectSection(SolutionItems) = preProject
		.github\workflows\publish.yml = .github\workflows\publish.yml
		README.md = README.md
	EndProjectSection
EndProject
Project("{9A19103F-16F7-4668-BE54-9A1E7A4F7556}") = "UndoableMediator", "src\UndoableMediator\UndoableMediator.csproj", "{BB2AED1B-B8BC-467B-A8C6-685168D27D6D}"
EndProject
Project("{9A19103F-16F7-4668-BE54-9A1E7A4F7556}") = "UndoableMediator.Tests", "tests\UndoableMediator.Tests\UndoableMediator.Tests.csproj", "{7530AD42-C9DD-4753-96ED-A3BC45839F90}"
EndProject
Project("{FAE04EC0-301F-11D3-BF4B-00C04F79EFBC}") = "UndoableMediator.TestModels", "tests\UndoableMediator.TestModels\UndoableMediator.TestModels.csproj", "{2C640A1F-40C7-490E-8992-F2975BA75AEE}"
EndProject
Global
	GlobalSection(SolutionConfigurationPlatforms) = preSolution
		Debug|Any CPU = Debug|Any CPU
		Release|Any CPU = Release|Any CPU
	EndGlobalSection
	GlobalSection(ProjectConfigurationPlatforms) = postSolution
		{BB2AED1B-B8BC-467B-A8C6-685168D27D6D}.Debug|Any CPU.ActiveCfg = Debug|Any CPU
		{BB2AED1B-B8BC-467B-A8C6-685168D27D6D}.Debug|Any CPU.Build.0 = Debug|Any CPU
		{BB2AED1B-B8BC-467B-A8C6-685168D27D6D}.Release|Any CPU.ActiveCfg = Release|Any CPU
		{BB2AED1B-B8BC-467B-A8C6-685168D27D6D}.Release|Any CPU.Build.0 = Release|Any CPU
		{7530AD42-C9DD-4753-96ED-A3BC45839F90}.Debug|Any CPU.ActiveCfg = Debug|Any CPU
		{7530AD42-C9DD-4753-96ED-A3BC45839F90}.Debug|Any CPU.Build.0 = Debug|Any CPU
		{7530AD42-C9DD-4753-96ED-A3BC45839F90}.Release|Any CPU.ActiveCfg = Release|Any CPU
		{7530AD42-C9DD-4753-96ED-A3BC45839F90}.Release|Any CPU.Build.0 = Release|Any CPU
		{2C640A1F-40C7-490E-8992-F2975BA75AEE}.Debug|Any CPU.ActiveCfg = Debug|Any CPU
		{2C640A1F-40C7-490E-8992-F2975BA75AEE}.Debug|Any CPU.Build.0 = Debug|Any CPU
		{2C640A1F-40C7-490E-8992-F2975BA75AEE}.Release|Any CPU.ActiveCfg = Release|Any CPU
		{2C640A1F-40C7-490E-8992-F2975BA75AEE}.Release|Any CPU.Build.0 = Release|Any CPU
	EndGlobalSection
	GlobalSection(SolutionProperties) = preSolution
		HideSolutionNode = FALSE
	EndGlobalSection
	GlobalSection(NestedProjects) = preSolution
		{BB2AED1B-B8BC-467B-A8C6-685168D27D6D} = {0F54A402-E805-49D8-A0CA-9CFFA11A5E95}
		{7530AD42-C9DD-4753-96ED-A3BC45839F90} = {E734E81E-EE52-49C7-B5FD-8E30CE5BE712}
		{2C640A1F-40C7-490E-8992-F2975BA75AEE} = {E734E81E-EE52-49C7-B5FD-8E30CE5BE712}
	EndGlobalSection
	GlobalSection(ExtensibilityGlobals) = postSolution
		SolutionGuid = {6BCAFAB6-ED58-496B-9CBD-D1B995ACC2B8}
	EndGlobalSection
EndGlobal
